
Microsoft Visual Studio Solution File, Format Version 11.00
# Visual Studio 2010
Project("{FAE04EC0-301F-11D3-BF4B-00C04F79EFBC}") = "PoleBalancing", "PoleBalancing\PoleBalancing\PoleBalancing.csproj", "{AD95C22A-7D96-4FA4-BAC0-40605DB408A0}"
EndProject
Project("{FAE04EC0-301F-11D3-BF4B-00C04F79EFBC}") = "PoleBalancingContent", "PoleBalancing\PoleBalancingContent\PoleBalancingContent.contentproj", "{EDA5E6D8-EB03-48A0-BF84-86F62B2808A5}"
EndProject
Project("{FAE04EC0-301F-11D3-BF4B-00C04F79EFBC}") = "LibreriaRN", "..\TestNEAT_conClient\LibreriaRN\LibreriaRN.csproj", "{645DECE6-1CF5-44A0-8006-1ED0AEAE050C}"
EndProject
Global
	GlobalSection(SolutionConfigurationPlatforms) = preSolution
		Debug|Any CPU = Debug|Any CPU
		Debug|Mixed Platforms = Debug|Mixed Platforms
		Debug|x86 = Debug|x86
		Release|Any CPU = Release|Any CPU
		Release|Mixed Platforms = Release|Mixed Platforms
		Release|x86 = Release|x86
	EndGlobalSection
	GlobalSection(ProjectConfigurationPlatforms) = postSolution
		{AD95C22A-7D96-4FA4-BAC0-40605DB408A0}.Debug|Any CPU.ActiveCfg = Debug|x86
		{AD95C22A-7D96-4FA4-BAC0-40605DB408A0}.Debug|Mixed Platforms.ActiveCfg = Debug|x86
		{AD95C22A-7D96-4FA4-BAC0-40605DB408A0}.Debug|Mixed Platforms.Build.0 = Debug|x86
		{AD95C22A-7D96-4FA4-BAC0-40605DB408A0}.Debug|x86.ActiveCfg = Debug|x86
		{AD95C22A-7D96-4FA4-BAC0-40605DB408A0}.Debug|x86.Build.0 = Debug|x86
		{AD95C22A-7D96-4FA4-BAC0-40605DB408A0}.Release|Any CPU.ActiveCfg = Release|x86
		{AD95C22A-7D96-4FA4-BAC0-40605DB408A0}.Release|Mixed Platforms.ActiveCfg = Release|x86
		{AD95C22A-7D96-4FA4-BAC0-40605DB408A0}.Release|Mixed Platforms.Build.0 = Release|x86
		{AD95C22A-7D96-4FA4-BAC0-40605DB408A0}.Release|x86.ActiveCfg = Release|x86
		{AD95C22A-7D96-4FA4-BAC0-40605DB408A0}.Release|x86.Build.0 = Release|x86
		{EDA5E6D8-EB03-48A0-BF84-86F62B2808A5}.Debug|Any CPU.ActiveCfg = Debug|x86
		{EDA5E6D8-EB03-48A0-BF84-86F62B2808A5}.Debug|Mixed Platforms.ActiveCfg = Debug|x86
		{EDA5E6D8-EB03-48A0-BF84-86F62B2808A5}.Debug|x86.ActiveCfg = Debug|x86
		{EDA5E6D8-EB03-48A0-BF84-86F62B2808A5}.Release|Any CPU.ActiveCfg = Release|x86
		{EDA5E6D8-EB03-48A0-BF84-86F62B2808A5}.Release|Mixed Platforms.ActiveCfg = Release|x86
		{EDA5E6D8-EB03-48A0-BF84-86F62B2808A5}.Release|x86.ActiveCfg = Release|x86
		{645DECE6-1CF5-44A0-8006-1ED0AEAE050C}.Debug|Any CPU.ActiveCfg = Debug|Any CPU
		{645DECE6-1CF5-44A0-8006-1ED0AEAE050C}.Debug|Any CPU.Build.0 = Debug|Any CPU
		{645DECE6-1CF5-44A0-8006-1ED0AEAE050C}.Debug|Mixed Platforms.ActiveCfg = Debug|Any CPU
		{645DECE6-1CF5-44A0-8006-1ED0AEAE050C}.Debug|Mixed Platforms.Build.0 = Debug|Any CPU
		{645DECE6-1CF5-44A0-8006-1ED0AEAE050C}.Debug|x86.ActiveCfg = Debug|Any CPU
		{645DECE6-1CF5-44A0-8006-1ED0AEAE050C}.Release|Any CPU.ActiveCfg = Release|Any CPU
		{645DECE6-1CF5-44A0-8006-1ED0AEAE050C}.Release|Any CPU.Build.0 = Release|Any CPU
		{645DECE6-1CF5-44A0-8006-1ED0AEAE050C}.Release|Mixed Platforms.ActiveCfg = Release|Any CPU
		{645DECE6-1CF5-44A0-8006-1ED0AEAE050C}.Release|Mixed Platforms.Build.0 = Release|Any CPU
		{645DECE6-1CF5-44A0-8006-1ED0AEAE050C}.Release|x86.ActiveCfg = Release|Any CPU
	EndGlobalSection
	GlobalSection(SolutionProperties) = preSolution
		HideSolutionNode = FALSE
	EndGlobalSection
EndGlobal
