
Microsoft Visual Studio Solution File, Format Version 11.00
# Visual Studio 2010
Project("{FAE04EC0-301F-11D3-BF4B-00C04F79EFBC}") = "TestClientSocket_console", "TestClientSocket_console\TestClientSocket_console.csproj", "{B7B0E66E-058D-45F1-99F4-6F47AF8BD945}"
EndProject
Global
	GlobalSection(SolutionConfigurationPlatforms) = preSolution
		Debug|x86 = Debug|x86
		Release|x86 = Release|x86
	EndGlobalSection
	GlobalSection(ProjectConfigurationPlatforms) = postSolution
		{B7B0E66E-058D-45F1-99F4-6F47AF8BD945}.Debug|x86.ActiveCfg = Debug|x86
		{B7B0E66E-058D-45F1-99F4-6F47AF8BD945}.Debug|x86.Build.0 = Debug|x86
		{B7B0E66E-058D-45F1-99F4-6F47AF8BD945}.Release|x86.ActiveCfg = Release|x86
		{B7B0E66E-058D-45F1-99F4-6F47AF8BD945}.Release|x86.Build.0 = Release|x86
	EndGlobalSection
	GlobalSection(SolutionProperties) = preSolution
		HideSolutionNode = FALSE
	EndGlobalSection
EndGlobal
