
Microsoft Visual Studio Solution File, Format Version 11.00
# Visual Studio 2010
Project("{FAE04EC0-301F-11D3-BF4B-00C04F79EFBC}") = "ProveMotoreFisico", "ProveMotoreFisico\ProveMotoreFisico\ProveMotoreFisico.csproj", "{BE122B78-A67E-408C-856A-09ECF85E439D}"
EndProject
Project("{FAE04EC0-301F-11D3-BF4B-00C04F79EFBC}") = "ProveMotoreFisicoContent", "ProveMotoreFisico\ProveMotoreFisicoContent\ProveMotoreFisicoContent.contentproj", "{286CAECB-5DAD-40DB-95CB-6631618A8222}"
EndProject
Project("{2150E333-8FDC-42A3-9474-1A3956D46DE8}") = "Solution Items", "Solution Items", "{ACB5B045-17FB-4A5A-A1CE-0DC68181FF3F}"
	ProjectSection(SolutionItems) = preProject
		Local.testsettings = Local.testsettings
		ProveMotoreFisico.vsmdi = ProveMotoreFisico.vsmdi
		TraceAndTestImpact.testsettings = TraceAndTestImpact.testsettings
	EndProjectSection
EndProject
Project("{FAE04EC0-301F-11D3-BF4B-00C04F79EFBC}") = "Farseer Physics 3.2 XNA", "..\..\..\..\..\Downloads\Farseer Physics Engine 3.2 HelloWorld XNA\Farseer Physics Engine 3.2 HelloWorld XNA\Farseer Physics Engine 3.2 XNA\Farseer Physics 3.2 XNA.csproj", "{0A850700-1ABB-4288-A391-6726B90EBEB9}"
EndProject
Global
	GlobalSection(TestCaseManagementSettings) = postSolution
		CategoryFile = ProveMotoreFisico.vsmdi
	EndGlobalSection
	GlobalSection(SolutionConfigurationPlatforms) = preSolution
		Debug|Any CPU = Debug|Any CPU
		Debug|Mixed Platforms = Debug|Mixed Platforms
		Debug|x86 = Debug|x86
		Release|Any CPU = Release|Any CPU
		Release|Mixed Platforms = Release|Mixed Platforms
		Release|x86 = Release|x86
	EndGlobalSection
	GlobalSection(ProjectConfigurationPlatforms) = postSolution
		{BE122B78-A67E-408C-856A-09ECF85E439D}.Debug|Any CPU.ActiveCfg = Debug|x86
		{BE122B78-A67E-408C-856A-09ECF85E439D}.Debug|Mixed Platforms.ActiveCfg = Debug|x86
		{BE122B78-A67E-408C-856A-09ECF85E439D}.Debug|Mixed Platforms.Build.0 = Debug|x86
		{BE122B78-A67E-408C-856A-09ECF85E439D}.Debug|x86.ActiveCfg = Debug|x86
		{BE122B78-A67E-408C-856A-09ECF85E439D}.Debug|x86.Build.0 = Debug|x86
		{BE122B78-A67E-408C-856A-09ECF85E439D}.Release|Any CPU.ActiveCfg = Release|x86
		{BE122B78-A67E-408C-856A-09ECF85E439D}.Release|Mixed Platforms.ActiveCfg = Release|x86
		{BE122B78-A67E-408C-856A-09ECF85E439D}.Release|Mixed Platforms.Build.0 = Release|x86
		{BE122B78-A67E-408C-856A-09ECF85E439D}.Release|x86.ActiveCfg = Release|x86
		{BE122B78-A67E-408C-856A-09ECF85E439D}.Release|x86.Build.0 = Release|x86
		{286CAECB-5DAD-40DB-95CB-6631618A8222}.Debug|Any CPU.ActiveCfg = Debug|x86
		{286CAECB-5DAD-40DB-95CB-6631618A8222}.Debug|Mixed Platforms.ActiveCfg = Debug|x86
		{286CAECB-5DAD-40DB-95CB-6631618A8222}.Debug|x86.ActiveCfg = Debug|x86
		{286CAECB-5DAD-40DB-95CB-6631618A8222}.Release|Any CPU.ActiveCfg = Release|x86
		{286CAECB-5DAD-40DB-95CB-6631618A8222}.Release|Mixed Platforms.ActiveCfg = Release|x86
		{286CAECB-5DAD-40DB-95CB-6631618A8222}.Release|x86.ActiveCfg = Release|x86
		{0A850700-1ABB-4288-A391-6726B90EBEB9}.Debug|Any CPU.ActiveCfg = Debug|x86
		{0A850700-1ABB-4288-A391-6726B90EBEB9}.Debug|Mixed Platforms.ActiveCfg = Debug|x86
		{0A850700-1ABB-4288-A391-6726B90EBEB9}.Debug|Mixed Platforms.Build.0 = Debug|x86
		{0A850700-1ABB-4288-A391-6726B90EBEB9}.Debug|x86.ActiveCfg = Debug|x86
		{0A850700-1ABB-4288-A391-6726B90EBEB9}.Debug|x86.Build.0 = Debug|x86
		{0A850700-1ABB-4288-A391-6726B90EBEB9}.Release|Any CPU.ActiveCfg = Release|x86
		{0A850700-1ABB-4288-A391-6726B90EBEB9}.Release|Mixed Platforms.ActiveCfg = Release|x86
		{0A850700-1ABB-4288-A391-6726B90EBEB9}.Release|Mixed Platforms.Build.0 = Release|x86
		{0A850700-1ABB-4288-A391-6726B90EBEB9}.Release|x86.ActiveCfg = Release|x86
		{0A850700-1ABB-4288-A391-6726B90EBEB9}.Release|x86.Build.0 = Release|x86
	EndGlobalSection
	GlobalSection(SolutionProperties) = preSolution
		HideSolutionNode = FALSE
	EndGlobalSection
EndGlobal
